
Microsoft Visual Studio Solution File, Format Version 12.00
# Visual Studio Version 16
VisualStudioVersion = 16.0.30204.135
MinimumVisualStudioVersion = 10.0.40219.1
Project("{FAE04EC0-301F-11D3-BF4B-00C04F79EFBC}") = "WorldSharp", "WorldSharp\WorldSharp.csproj", "{970207CC-8687-48FA-A536-B4D07F5DE91D}"
EndProject
Project("{FAE04EC0-301F-11D3-BF4B-00C04F79EFBC}") = "WorldTest", "WorldTest\WorldTest.csproj", "{733344BF-30BE-48B8-8599-20B1A5A2ACEE}"
EndProject
Global
	GlobalSection(SolutionConfigurationPlatforms) = preSolution
		Debug|Any CPU = Debug|Any CPU
		Release|Any CPU = Release|Any CPU
	EndGlobalSection
	GlobalSection(ProjectConfigurationPlatforms) = postSolution
		{970207CC-8687-48FA-A536-B4D07F5DE91D}.Debug|Any CPU.ActiveCfg = Debug|Any CPU
		{970207CC-8687-48FA-A536-B4D07F5DE91D}.Debug|Any CPU.Build.0 = Debug|Any CPU
		{970207CC-8687-48FA-A536-B4D07F5DE91D}.Release|Any CPU.ActiveCfg = Release|Any CPU
		{970207CC-8687-48FA-A536-B4D07F5DE91D}.Release|Any CPU.Build.0 = Release|Any CPU
		{733344BF-30BE-48B8-8599-20B1A5A2ACEE}.Debug|Any CPU.ActiveCfg = Debug|Any CPU
		{733344BF-30BE-48B8-8599-20B1A5A2ACEE}.Debug|Any CPU.Build.0 = Debug|Any CPU
		{733344BF-30BE-48B8-8599-20B1A5A2ACEE}.Release|Any CPU.ActiveCfg = Release|Any CPU
		{733344BF-30BE-48B8-8599-20B1A5A2ACEE}.Release|Any CPU.Build.0 = Release|Any CPU
	EndGlobalSection
	GlobalSection(SolutionProperties) = preSolution
		HideSolutionNode = FALSE
	EndGlobalSection
	GlobalSection(ExtensibilityGlobals) = postSolution
		SolutionGuid = {539D1657-8717-47E3-8070-318FDDF36420}
	EndGlobalSection
EndGlobal
