
Microsoft Visual Studio Solution File, Format Version 12.00
Project("{FAE04EC0-301F-11D3-BF4B-00C04F79EFBC}") = "WorldSharp", "WorldSharp\WorldSharp.csproj", "{970207CC-8687-48FA-A536-B4D07F5DE91D}"
EndProject
Global
	GlobalSection(SolutionConfigurationPlatforms) = preSolution
		Debug|Any CPU = Debug|Any CPU
		Release|Any CPU = Release|Any CPU
	EndGlobalSection
	GlobalSection(ProjectConfigurationPlatforms) = postSolution
		{970207CC-8687-48FA-A536-B4D07F5DE91D}.Debug|Any CPU.ActiveCfg = Debug|Any CPU
		{970207CC-8687-48FA-A536-B4D07F5DE91D}.Debug|Any CPU.Build.0 = Debug|Any CPU
		{970207CC-8687-48FA-A536-B4D07F5DE91D}.Release|Any CPU.ActiveCfg = Release|Any CPU
		{970207CC-8687-48FA-A536-B4D07F5DE91D}.Release|Any CPU.Build.0 = Release|Any CPU
	EndGlobalSection
EndGlobal
